
Microsoft Visual Studio Solution File, Format Version 12.00
# Visual Studio Version 16
VisualStudioVersion = 16.0.31410.357
MinimumVisualStudioVersion = 10.0.40219.1
Project("{8BC9CEB8-8B4A-11D0-8D11-00A0C91BC942}") = "udemycpp", "udemycpp\udemycpp.vcxproj", "{82D3A206-B476-4E22-98C6-F60F2A0A1929}"
EndProject
Project("{8BC9CEB8-8B4A-11D0-8D11-00A0C91BC942}") = "UdemyCPPPrintingHomework", "UdemyCPPPrintingHomework\UdemyCPPPrintingHomework.vcxproj", "{8DD36634-3BB1-4FD1-886C-5C4A78CA6B9B}"
EndProject
Project("{8BC9CEB8-8B4A-11D0-8D11-00A0C91BC942}") = "UdemyCPPVariablesHWEasy", "UdemyCPPVariablesHWEasy\UdemyCPPVariablesHWEasy.vcxproj", "{4FA34100-9E71-4561-B978-FB42E89CB629}"
EndProject
Project("{8BC9CEB8-8B4A-11D0-8D11-00A0C91BC942}") = "UdemyCPPVariablesHWMedium", "UdemyCPPVariablesHWMedium\UdemyCPPVariablesHWMedium.vcxproj", "{5A4B2D92-A6F7-48E6-8E19-189F8DF659BA}"
EndProject
Project("{8BC9CEB8-8B4A-11D0-8D11-00A0C91BC942}") = "UdemyCPPVariablesHWHard", "UdemyCPPVariablesHWHard\UdemyCPPVariablesHWHard.vcxproj", "{EE98BDB4-383B-4D77-8066-7F35DA5D9B69}"
EndProject
Project("{8BC9CEB8-8B4A-11D0-8D11-00A0C91BC942}") = "UdemyCPPOperatorsHW", "UdemyCPPOperatorsHW\UdemyCPPOperatorsHW.vcxproj", "{9FBAEDF6-B468-4A01-86BC-0E1E1D8EC05E}"
EndProject
Project("{8BC9CEB8-8B4A-11D0-8D11-00A0C91BC942}") = "UdemyCPPLogicalOperatorsHWEasy", "UdemyCPPLogicalOperatorsHWEasy\UdemyCPPLogicalOperatorsHWEasy.vcxproj", "{39E3E4FA-0D08-4CFA-965B-8839F9A04D91}"
EndProject
Project("{8BC9CEB8-8B4A-11D0-8D11-00A0C91BC942}") = "UdemyCPPDivisionAndModulusHW", "UdemyCPPDivisionAndModulusHW\UdemyCPPDivisionAndModulusHW.vcxproj", "{7A5F5DE6-0126-408B-BED3-848E351447A7}"
EndProject
Project("{8BC9CEB8-8B4A-11D0-8D11-00A0C91BC942}") = "UdemyCPPDivisionAndModulusHWMedium", "UdemyCPPDivisionAndModulusHWMedium\UdemyCPPDivisionAndModulusHWMedium.vcxproj", "{1714EE4D-0F36-4C23-B6E1-FA36BC2E2E8F}"
EndProject
Project("{8BC9CEB8-8B4A-11D0-8D11-00A0C91BC942}") = "UdemyCPPDivisionAndModulusHWHard", "UdemyCPPDivisionAndModulusHWHard\UdemyCPPDivisionAndModulusHWHard.vcxproj", "{18D73026-4B26-4958-B9D7-4A893CC3C815}"
EndProject
Project("{8BC9CEB8-8B4A-11D0-8D11-00A0C91BC942}") = "UdemyCPPSelectionHWEasy", "UdemyCPPSelectionHWEasy\UdemyCPPSelectionHWEasy.vcxproj", "{F8CBFD12-03CE-4B10-9941-EC046D716F97}"
EndProject
Project("{8BC9CEB8-8B4A-11D0-8D11-00A0C91BC942}") = "UdemyCPPSelectionHWMedium", "UdemyCPPSelectionHWMedium\UdemyCPPSelectionHWMedium.vcxproj", "{74430956-FFE3-424B-B68B-2F7C0E4B1573}"
EndProject
Project("{8BC9CEB8-8B4A-11D0-8D11-00A0C91BC942}") = "UdemyCPPSelectionHWHard", "UdemyCPPSelectionHWHard\UdemyCPPSelectionHWHard.vcxproj", "{EE9E8BCA-387A-4DE1-A27A-CC31B0F8FE3A}"
EndProject
Project("{8BC9CEB8-8B4A-11D0-8D11-00A0C91BC942}") = "UdemyCPPWhileLoopsHWEasy", "UdemyCPPWhileLoopsHWEasy\UdemyCPPWhileLoopsHWEasy.vcxproj", "{EF57A5B6-CA6E-453D-9EC7-1D80EC15EB7B}"
EndProject
Project("{8BC9CEB8-8B4A-11D0-8D11-00A0C91BC942}") = "UdemyCPPWhileLoopsHWMedium", "UdemyCPPWhileLoopsHWMedium\UdemyCPPWhileLoopsHWMedium.vcxproj", "{99497DF2-8D94-4356-A8CD-DEC94ECBF285}"
EndProject
Project("{8BC9CEB8-8B4A-11D0-8D11-00A0C91BC942}") = "UdemyCPPWhileLoopsHWHard", "UdemyCPPWhileLoopsHWHard\UdemyCPPWhileLoopsHWHard.vcxproj", "{ADC81E11-1DA5-4118-9D98-B9B8FC6A6151}"
EndProject
Project("{8BC9CEB8-8B4A-11D0-8D11-00A0C91BC942}") = "UdemyCPPStringsHWEasy", "UdemyCPPStringsHWEasy\UdemyCPPStringsHWEasy.vcxproj", "{28E49535-49EF-42A8-B9B9-A48B943C641B}"
EndProject
Project("{8BC9CEB8-8B4A-11D0-8D11-00A0C91BC942}") = "UdemyCPPStringsHWMedium", "UdemyCPPStringsHWMedium\UdemyCPPStringsHWMedium.vcxproj", "{142A7A4C-ED61-45D1-85FD-0004A860E668}"
EndProject
Project("{8BC9CEB8-8B4A-11D0-8D11-00A0C91BC942}") = "UdemyCPPFunctionsHW", "UdemyCPPFunctionsHW\UdemyCPPFunctionsHW.vcxproj", "{0A1C190A-14AF-4D1E-AE7A-CE111939AF10}"
EndProject
Project("{8BC9CEB8-8B4A-11D0-8D11-00A0C91BC942}") = "UdemyCPPRecursionHW", "UdemyCPPRecursionHW\UdemyCPPRecursionHW.vcxproj", "{4EAE055E-538F-4C9A-866E-81D97BF18C17}"
EndProject
Project("{8BC9CEB8-8B4A-11D0-8D11-00A0C91BC942}") = "UdemyCPPProject1", "UdempyCPPProject1\UdempyCPPProject1.vcxproj", "{0E28740B-9CCB-4A2D-A8D4-D20553E9A070}"
EndProject
Project("{8BC9CEB8-8B4A-11D0-8D11-00A0C91BC942}") = "UdemyCPPStructsPractice", "UdemyCPPStructsPractice\UdemyCPPStructsPractice.vcxproj", "{C0C1E3C8-E9FC-43D1-B16A-97B5ECCBFB46}"
EndProject
Global
	GlobalSection(SolutionConfigurationPlatforms) = preSolution
		Debug|x64 = Debug|x64
		Debug|x86 = Debug|x86
		Release|x64 = Release|x64
		Release|x86 = Release|x86
	EndGlobalSection
	GlobalSection(ProjectConfigurationPlatforms) = postSolution
		{82D3A206-B476-4E22-98C6-F60F2A0A1929}.Debug|x64.ActiveCfg = Debug|x64
		{82D3A206-B476-4E22-98C6-F60F2A0A1929}.Debug|x64.Build.0 = Debug|x64
		{82D3A206-B476-4E22-98C6-F60F2A0A1929}.Debug|x86.ActiveCfg = Debug|Win32
		{82D3A206-B476-4E22-98C6-F60F2A0A1929}.Debug|x86.Build.0 = Debug|Win32
		{82D3A206-B476-4E22-98C6-F60F2A0A1929}.Release|x64.ActiveCfg = Release|x64
		{82D3A206-B476-4E22-98C6-F60F2A0A1929}.Release|x64.Build.0 = Release|x64
		{82D3A206-B476-4E22-98C6-F60F2A0A1929}.Release|x86.ActiveCfg = Release|Win32
		{82D3A206-B476-4E22-98C6-F60F2A0A1929}.Release|x86.Build.0 = Release|Win32
		{8DD36634-3BB1-4FD1-886C-5C4A78CA6B9B}.Debug|x64.ActiveCfg = Debug|x64
		{8DD36634-3BB1-4FD1-886C-5C4A78CA6B9B}.Debug|x64.Build.0 = Debug|x64
		{8DD36634-3BB1-4FD1-886C-5C4A78CA6B9B}.Debug|x86.ActiveCfg = Debug|Win32
		{8DD36634-3BB1-4FD1-886C-5C4A78CA6B9B}.Debug|x86.Build.0 = Debug|Win32
		{8DD36634-3BB1-4FD1-886C-5C4A78CA6B9B}.Release|x64.ActiveCfg = Release|x64
		{8DD36634-3BB1-4FD1-886C-5C4A78CA6B9B}.Release|x64.Build.0 = Release|x64
		{8DD36634-3BB1-4FD1-886C-5C4A78CA6B9B}.Release|x86.ActiveCfg = Release|Win32
		{8DD36634-3BB1-4FD1-886C-5C4A78CA6B9B}.Release|x86.Build.0 = Release|Win32
		{4FA34100-9E71-4561-B978-FB42E89CB629}.Debug|x64.ActiveCfg = Debug|x64
		{4FA34100-9E71-4561-B978-FB42E89CB629}.Debug|x64.Build.0 = Debug|x64
		{4FA34100-9E71-4561-B978-FB42E89CB629}.Debug|x86.ActiveCfg = Debug|Win32
		{4FA34100-9E71-4561-B978-FB42E89CB629}.Debug|x86.Build.0 = Debug|Win32
		{4FA34100-9E71-4561-B978-FB42E89CB629}.Release|x64.ActiveCfg = Release|x64
		{4FA34100-9E71-4561-B978-FB42E89CB629}.Release|x64.Build.0 = Release|x64
		{4FA34100-9E71-4561-B978-FB42E89CB629}.Release|x86.ActiveCfg = Release|Win32
		{4FA34100-9E71-4561-B978-FB42E89CB629}.Release|x86.Build.0 = Release|Win32
		{5A4B2D92-A6F7-48E6-8E19-189F8DF659BA}.Debug|x64.ActiveCfg = Debug|x64
		{5A4B2D92-A6F7-48E6-8E19-189F8DF659BA}.Debug|x64.Build.0 = Debug|x64
		{5A4B2D92-A6F7-48E6-8E19-189F8DF659BA}.Debug|x86.ActiveCfg = Debug|Win32
		{5A4B2D92-A6F7-48E6-8E19-189F8DF659BA}.Debug|x86.Build.0 = Debug|Win32
		{5A4B2D92-A6F7-48E6-8E19-189F8DF659BA}.Release|x64.ActiveCfg = Release|x64
		{5A4B2D92-A6F7-48E6-8E19-189F8DF659BA}.Release|x64.Build.0 = Release|x64
		{5A4B2D92-A6F7-48E6-8E19-189F8DF659BA}.Release|x86.ActiveCfg = Release|Win32
		{5A4B2D92-A6F7-48E6-8E19-189F8DF659BA}.Release|x86.Build.0 = Release|Win32
		{EE98BDB4-383B-4D77-8066-7F35DA5D9B69}.Debug|x64.ActiveCfg = Debug|x64
		{EE98BDB4-383B-4D77-8066-7F35DA5D9B69}.Debug|x64.Build.0 = Debug|x64
		{EE98BDB4-383B-4D77-8066-7F35DA5D9B69}.Debug|x86.ActiveCfg = Debug|Win32
		{EE98BDB4-383B-4D77-8066-7F35DA5D9B69}.Debug|x86.Build.0 = Debug|Win32
		{EE98BDB4-383B-4D77-8066-7F35DA5D9B69}.Release|x64.ActiveCfg = Release|x64
		{EE98BDB4-383B-4D77-8066-7F35DA5D9B69}.Release|x64.Build.0 = Release|x64
		{EE98BDB4-383B-4D77-8066-7F35DA5D9B69}.Release|x86.ActiveCfg = Release|Win32
		{EE98BDB4-383B-4D77-8066-7F35DA5D9B69}.Release|x86.Build.0 = Release|Win32
		{9FBAEDF6-B468-4A01-86BC-0E1E1D8EC05E}.Debug|x64.ActiveCfg = Debug|x64
		{9FBAEDF6-B468-4A01-86BC-0E1E1D8EC05E}.Debug|x64.Build.0 = Debug|x64
		{9FBAEDF6-B468-4A01-86BC-0E1E1D8EC05E}.Debug|x86.ActiveCfg = Debug|Win32
		{9FBAEDF6-B468-4A01-86BC-0E1E1D8EC05E}.Debug|x86.Build.0 = Debug|Win32
		{9FBAEDF6-B468-4A01-86BC-0E1E1D8EC05E}.Release|x64.ActiveCfg = Release|x64
		{9FBAEDF6-B468-4A01-86BC-0E1E1D8EC05E}.Release|x64.Build.0 = Release|x64
		{9FBAEDF6-B468-4A01-86BC-0E1E1D8EC05E}.Release|x86.ActiveCfg = Release|Win32
		{9FBAEDF6-B468-4A01-86BC-0E1E1D8EC05E}.Release|x86.Build.0 = Release|Win32
		{39E3E4FA-0D08-4CFA-965B-8839F9A04D91}.Debug|x64.ActiveCfg = Debug|x64
		{39E3E4FA-0D08-4CFA-965B-8839F9A04D91}.Debug|x64.Build.0 = Debug|x64
		{39E3E4FA-0D08-4CFA-965B-8839F9A04D91}.Debug|x86.ActiveCfg = Debug|Win32
		{39E3E4FA-0D08-4CFA-965B-8839F9A04D91}.Debug|x86.Build.0 = Debug|Win32
		{39E3E4FA-0D08-4CFA-965B-8839F9A04D91}.Release|x64.ActiveCfg = Release|x64
		{39E3E4FA-0D08-4CFA-965B-8839F9A04D91}.Release|x64.Build.0 = Release|x64
		{39E3E4FA-0D08-4CFA-965B-8839F9A04D91}.Release|x86.ActiveCfg = Release|Win32
		{39E3E4FA-0D08-4CFA-965B-8839F9A04D91}.Release|x86.Build.0 = Release|Win32
		{7A5F5DE6-0126-408B-BED3-848E351447A7}.Debug|x64.ActiveCfg = Debug|x64
		{7A5F5DE6-0126-408B-BED3-848E351447A7}.Debug|x64.Build.0 = Debug|x64
		{7A5F5DE6-0126-408B-BED3-848E351447A7}.Debug|x86.ActiveCfg = Debug|Win32
		{7A5F5DE6-0126-408B-BED3-848E351447A7}.Debug|x86.Build.0 = Debug|Win32
		{7A5F5DE6-0126-408B-BED3-848E351447A7}.Release|x64.ActiveCfg = Release|x64
		{7A5F5DE6-0126-408B-BED3-848E351447A7}.Release|x64.Build.0 = Release|x64
		{7A5F5DE6-0126-408B-BED3-848E351447A7}.Release|x86.ActiveCfg = Release|Win32
		{7A5F5DE6-0126-408B-BED3-848E351447A7}.Release|x86.Build.0 = Release|Win32
		{1714EE4D-0F36-4C23-B6E1-FA36BC2E2E8F}.Debug|x64.ActiveCfg = Debug|x64
		{1714EE4D-0F36-4C23-B6E1-FA36BC2E2E8F}.Debug|x64.Build.0 = Debug|x64
		{1714EE4D-0F36-4C23-B6E1-FA36BC2E2E8F}.Debug|x86.ActiveCfg = Debug|Win32
		{1714EE4D-0F36-4C23-B6E1-FA36BC2E2E8F}.Debug|x86.Build.0 = Debug|Win32
		{1714EE4D-0F36-4C23-B6E1-FA36BC2E2E8F}.Release|x64.ActiveCfg = Release|x64
		{1714EE4D-0F36-4C23-B6E1-FA36BC2E2E8F}.Release|x64.Build.0 = Release|x64
		{1714EE4D-0F36-4C23-B6E1-FA36BC2E2E8F}.Release|x86.ActiveCfg = Release|Win32
		{1714EE4D-0F36-4C23-B6E1-FA36BC2E2E8F}.Release|x86.Build.0 = Release|Win32
		{18D73026-4B26-4958-B9D7-4A893CC3C815}.Debug|x64.ActiveCfg = Debug|x64
		{18D73026-4B26-4958-B9D7-4A893CC3C815}.Debug|x64.Build.0 = Debug|x64
		{18D73026-4B26-4958-B9D7-4A893CC3C815}.Debug|x86.ActiveCfg = Debug|Win32
		{18D73026-4B26-4958-B9D7-4A893CC3C815}.Debug|x86.Build.0 = Debug|Win32
		{18D73026-4B26-4958-B9D7-4A893CC3C815}.Release|x64.ActiveCfg = Release|x64
		{18D73026-4B26-4958-B9D7-4A893CC3C815}.Release|x64.Build.0 = Release|x64
		{18D73026-4B26-4958-B9D7-4A893CC3C815}.Release|x86.ActiveCfg = Release|Win32
		{18D73026-4B26-4958-B9D7-4A893CC3C815}.Release|x86.Build.0 = Release|Win32
		{F8CBFD12-03CE-4B10-9941-EC046D716F97}.Debug|x64.ActiveCfg = Debug|x64
		{F8CBFD12-03CE-4B10-9941-EC046D716F97}.Debug|x64.Build.0 = Debug|x64
		{F8CBFD12-03CE-4B10-9941-EC046D716F97}.Debug|x86.ActiveCfg = Debug|Win32
		{F8CBFD12-03CE-4B10-9941-EC046D716F97}.Debug|x86.Build.0 = Debug|Win32
		{F8CBFD12-03CE-4B10-9941-EC046D716F97}.Release|x64.ActiveCfg = Release|x64
		{F8CBFD12-03CE-4B10-9941-EC046D716F97}.Release|x64.Build.0 = Release|x64
		{F8CBFD12-03CE-4B10-9941-EC046D716F97}.Release|x86.ActiveCfg = Release|Win32
		{F8CBFD12-03CE-4B10-9941-EC046D716F97}.Release|x86.Build.0 = Release|Win32
		{74430956-FFE3-424B-B68B-2F7C0E4B1573}.Debug|x64.ActiveCfg = Debug|x64
		{74430956-FFE3-424B-B68B-2F7C0E4B1573}.Debug|x64.Build.0 = Debug|x64
		{74430956-FFE3-424B-B68B-2F7C0E4B1573}.Debug|x86.ActiveCfg = Debug|Win32
		{74430956-FFE3-424B-B68B-2F7C0E4B1573}.Debug|x86.Build.0 = Debug|Win32
		{74430956-FFE3-424B-B68B-2F7C0E4B1573}.Release|x64.ActiveCfg = Release|x64
		{74430956-FFE3-424B-B68B-2F7C0E4B1573}.Release|x64.Build.0 = Release|x64
		{74430956-FFE3-424B-B68B-2F7C0E4B1573}.Release|x86.ActiveCfg = Release|Win32
		{74430956-FFE3-424B-B68B-2F7C0E4B1573}.Release|x86.Build.0 = Release|Win32
		{EE9E8BCA-387A-4DE1-A27A-CC31B0F8FE3A}.Debug|x64.ActiveCfg = Debug|x64
		{EE9E8BCA-387A-4DE1-A27A-CC31B0F8FE3A}.Debug|x64.Build.0 = Debug|x64
		{EE9E8BCA-387A-4DE1-A27A-CC31B0F8FE3A}.Debug|x86.ActiveCfg = Debug|Win32
		{EE9E8BCA-387A-4DE1-A27A-CC31B0F8FE3A}.Debug|x86.Build.0 = Debug|Win32
		{EE9E8BCA-387A-4DE1-A27A-CC31B0F8FE3A}.Release|x64.ActiveCfg = Release|x64
		{EE9E8BCA-387A-4DE1-A27A-CC31B0F8FE3A}.Release|x64.Build.0 = Release|x64
		{EE9E8BCA-387A-4DE1-A27A-CC31B0F8FE3A}.Release|x86.ActiveCfg = Release|Win32
		{EE9E8BCA-387A-4DE1-A27A-CC31B0F8FE3A}.Release|x86.Build.0 = Release|Win32
		{EF57A5B6-CA6E-453D-9EC7-1D80EC15EB7B}.Debug|x64.ActiveCfg = Debug|x64
		{EF57A5B6-CA6E-453D-9EC7-1D80EC15EB7B}.Debug|x64.Build.0 = Debug|x64
		{EF57A5B6-CA6E-453D-9EC7-1D80EC15EB7B}.Debug|x86.ActiveCfg = Debug|Win32
		{EF57A5B6-CA6E-453D-9EC7-1D80EC15EB7B}.Debug|x86.Build.0 = Debug|Win32
		{EF57A5B6-CA6E-453D-9EC7-1D80EC15EB7B}.Release|x64.ActiveCfg = Release|x64
		{EF57A5B6-CA6E-453D-9EC7-1D80EC15EB7B}.Release|x64.Build.0 = Release|x64
		{EF57A5B6-CA6E-453D-9EC7-1D80EC15EB7B}.Release|x86.ActiveCfg = Release|Win32
		{EF57A5B6-CA6E-453D-9EC7-1D80EC15EB7B}.Release|x86.Build.0 = Release|Win32
		{99497DF2-8D94-4356-A8CD-DEC94ECBF285}.Debug|x64.ActiveCfg = Debug|x64
		{99497DF2-8D94-4356-A8CD-DEC94ECBF285}.Debug|x64.Build.0 = Debug|x64
		{99497DF2-8D94-4356-A8CD-DEC94ECBF285}.Debug|x86.ActiveCfg = Debug|Win32
		{99497DF2-8D94-4356-A8CD-DEC94ECBF285}.Debug|x86.Build.0 = Debug|Win32
		{99497DF2-8D94-4356-A8CD-DEC94ECBF285}.Release|x64.ActiveCfg = Release|x64
		{99497DF2-8D94-4356-A8CD-DEC94ECBF285}.Release|x64.Build.0 = Release|x64
		{99497DF2-8D94-4356-A8CD-DEC94ECBF285}.Release|x86.ActiveCfg = Release|Win32
		{99497DF2-8D94-4356-A8CD-DEC94ECBF285}.Release|x86.Build.0 = Release|Win32
		{ADC81E11-1DA5-4118-9D98-B9B8FC6A6151}.Debug|x64.ActiveCfg = Debug|x64
		{ADC81E11-1DA5-4118-9D98-B9B8FC6A6151}.Debug|x64.Build.0 = Debug|x64
		{ADC81E11-1DA5-4118-9D98-B9B8FC6A6151}.Debug|x86.ActiveCfg = Debug|Win32
		{ADC81E11-1DA5-4118-9D98-B9B8FC6A6151}.Debug|x86.Build.0 = Debug|Win32
		{ADC81E11-1DA5-4118-9D98-B9B8FC6A6151}.Release|x64.ActiveCfg = Release|x64
		{ADC81E11-1DA5-4118-9D98-B9B8FC6A6151}.Release|x64.Build.0 = Release|x64
		{ADC81E11-1DA5-4118-9D98-B9B8FC6A6151}.Release|x86.ActiveCfg = Release|Win32
		{ADC81E11-1DA5-4118-9D98-B9B8FC6A6151}.Release|x86.Build.0 = Release|Win32
		{28E49535-49EF-42A8-B9B9-A48B943C641B}.Debug|x64.ActiveCfg = Debug|x64
		{28E49535-49EF-42A8-B9B9-A48B943C641B}.Debug|x64.Build.0 = Debug|x64
		{28E49535-49EF-42A8-B9B9-A48B943C641B}.Debug|x86.ActiveCfg = Debug|Win32
		{28E49535-49EF-42A8-B9B9-A48B943C641B}.Debug|x86.Build.0 = Debug|Win32
		{28E49535-49EF-42A8-B9B9-A48B943C641B}.Release|x64.ActiveCfg = Release|x64
		{28E49535-49EF-42A8-B9B9-A48B943C641B}.Release|x64.Build.0 = Release|x64
		{28E49535-49EF-42A8-B9B9-A48B943C641B}.Release|x86.ActiveCfg = Release|Win32
		{28E49535-49EF-42A8-B9B9-A48B943C641B}.Release|x86.Build.0 = Release|Win32
		{142A7A4C-ED61-45D1-85FD-0004A860E668}.Debug|x64.ActiveCfg = Debug|x64
		{142A7A4C-ED61-45D1-85FD-0004A860E668}.Debug|x64.Build.0 = Debug|x64
		{142A7A4C-ED61-45D1-85FD-0004A860E668}.Debug|x86.ActiveCfg = Debug|Win32
		{142A7A4C-ED61-45D1-85FD-0004A860E668}.Debug|x86.Build.0 = Debug|Win32
		{142A7A4C-ED61-45D1-85FD-0004A860E668}.Release|x64.ActiveCfg = Release|x64
		{142A7A4C-ED61-45D1-85FD-0004A860E668}.Release|x64.Build.0 = Release|x64
		{142A7A4C-ED61-45D1-85FD-0004A860E668}.Release|x86.ActiveCfg = Release|Win32
		{142A7A4C-ED61-45D1-85FD-0004A860E668}.Release|x86.Build.0 = Release|Win32
		{0A1C190A-14AF-4D1E-AE7A-CE111939AF10}.Debug|x64.ActiveCfg = Debug|x64
		{0A1C190A-14AF-4D1E-AE7A-CE111939AF10}.Debug|x64.Build.0 = Debug|x64
		{0A1C190A-14AF-4D1E-AE7A-CE111939AF10}.Debug|x86.ActiveCfg = Debug|Win32
		{0A1C190A-14AF-4D1E-AE7A-CE111939AF10}.Debug|x86.Build.0 = Debug|Win32
		{0A1C190A-14AF-4D1E-AE7A-CE111939AF10}.Release|x64.ActiveCfg = Release|x64
		{0A1C190A-14AF-4D1E-AE7A-CE111939AF10}.Release|x64.Build.0 = Release|x64
		{0A1C190A-14AF-4D1E-AE7A-CE111939AF10}.Release|x86.ActiveCfg = Release|Win32
		{0A1C190A-14AF-4D1E-AE7A-CE111939AF10}.Release|x86.Build.0 = Release|Win32
		{4EAE055E-538F-4C9A-866E-81D97BF18C17}.Debug|x64.ActiveCfg = Debug|x64
		{4EAE055E-538F-4C9A-866E-81D97BF18C17}.Debug|x64.Build.0 = Debug|x64
		{4EAE055E-538F-4C9A-866E-81D97BF18C17}.Debug|x86.ActiveCfg = Debug|Win32
		{4EAE055E-538F-4C9A-866E-81D97BF18C17}.Debug|x86.Build.0 = Debug|Win32
		{4EAE055E-538F-4C9A-866E-81D97BF18C17}.Release|x64.ActiveCfg = Release|x64
		{4EAE055E-538F-4C9A-866E-81D97BF18C17}.Release|x64.Build.0 = Release|x64
		{4EAE055E-538F-4C9A-866E-81D97BF18C17}.Release|x86.ActiveCfg = Release|Win32
		{4EAE055E-538F-4C9A-866E-81D97BF18C17}.Release|x86.Build.0 = Release|Win32
		{0E28740B-9CCB-4A2D-A8D4-D20553E9A070}.Debug|x64.ActiveCfg = Debug|x64
		{0E28740B-9CCB-4A2D-A8D4-D20553E9A070}.Debug|x64.Build.0 = Debug|x64
		{0E28740B-9CCB-4A2D-A8D4-D20553E9A070}.Debug|x86.ActiveCfg = Debug|Win32
		{0E28740B-9CCB-4A2D-A8D4-D20553E9A070}.Debug|x86.Build.0 = Debug|Win32
		{0E28740B-9CCB-4A2D-A8D4-D20553E9A070}.Release|x64.ActiveCfg = Release|x64
		{0E28740B-9CCB-4A2D-A8D4-D20553E9A070}.Release|x64.Build.0 = Release|x64
		{0E28740B-9CCB-4A2D-A8D4-D20553E9A070}.Release|x86.ActiveCfg = Release|Win32
		{0E28740B-9CCB-4A2D-A8D4-D20553E9A070}.Release|x86.Build.0 = Release|Win32
		{C0C1E3C8-E9FC-43D1-B16A-97B5ECCBFB46}.Debug|x64.ActiveCfg = Debug|x64
		{C0C1E3C8-E9FC-43D1-B16A-97B5ECCBFB46}.Debug|x64.Build.0 = Debug|x64
		{C0C1E3C8-E9FC-43D1-B16A-97B5ECCBFB46}.Debug|x86.ActiveCfg = Debug|Win32
		{C0C1E3C8-E9FC-43D1-B16A-97B5ECCBFB46}.Debug|x86.Build.0 = Debug|Win32
		{C0C1E3C8-E9FC-43D1-B16A-97B5ECCBFB46}.Release|x64.ActiveCfg = Release|x64
		{C0C1E3C8-E9FC-43D1-B16A-97B5ECCBFB46}.Release|x64.Build.0 = Release|x64
		{C0C1E3C8-E9FC-43D1-B16A-97B5ECCBFB46}.Release|x86.ActiveCfg = Release|Win32
		{C0C1E3C8-E9FC-43D1-B16A-97B5ECCBFB46}.Release|x86.Build.0 = Release|Win32
	EndGlobalSection
	GlobalSection(SolutionProperties) = preSolution
		HideSolutionNode = FALSE
	EndGlobalSection
	GlobalSection(ExtensibilityGlobals) = postSolution
		SolutionGuid = {08FF31CB-F44B-478F-B3EA-61F73ACE0093}
	EndGlobalSection
EndGlobal
